
Microsoft Visual Studio Solution File, Format Version 12.00
# Visual Studio Version 16
VisualStudioVersion = 16.0.30711.63
MinimumVisualStudioVersion = 10.0.40219.1
Project("{8BC9CEB8-8B4A-11D0-8D11-00A0C91BC942}") = "Chip8", "Chip8\Chip8.vcxproj", "{F43275C9-CE64-4826-8331-C0CA2C562440}"
EndProject
Global
	GlobalSection(SolutionConfigurationPlatforms) = preSolution
		Debug|x64 = Debug|x64
		Debug|x86 = Debug|x86
		Release|x64 = Release|x64
		Release|x86 = Release|x86
	EndGlobalSection
	GlobalSection(ProjectConfigurationPlatforms) = postSolution
		{F43275C9-CE64-4826-8331-C0CA2C562440}.Debug|x64.ActiveCfg = Debug|x64
		{F43275C9-CE64-4826-8331-C0CA2C562440}.Debug|x64.Build.0 = Debug|x64
		{F43275C9-CE64-4826-8331-C0CA2C562440}.Debug|x86.ActiveCfg = Debug|Win32
		{F43275C9-CE64-4826-8331-C0CA2C562440}.Debug|x86.Build.0 = Debug|Win32
		{F43275C9-CE64-4826-8331-C0CA2C562440}.Release|x64.ActiveCfg = Release|x64
		{F43275C9-CE64-4826-8331-C0CA2C562440}.Release|x64.Build.0 = Release|x64
		{F43275C9-CE64-4826-8331-C0CA2C562440}.Release|x86.ActiveCfg = Release|Win32
		{F43275C9-CE64-4826-8331-C0CA2C562440}.Release|x86.Build.0 = Release|Win32
	EndGlobalSection
	GlobalSection(SolutionProperties) = preSolution
		HideSolutionNode = FALSE
	EndGlobalSection
	GlobalSection(ExtensibilityGlobals) = postSolution
		SolutionGuid = {17D381E3-2445-4062-B422-F72046F14090}
	EndGlobalSection
EndGlobal
